
Microsoft Visual Studio Solution File, Format Version 12.00
# Visual Studio 15
VisualStudioVersion = 15.0.28307.136
MinimumVisualStudioVersion = 10.0.40219.1
Project("{FAE04EC0-301F-11D3-BF4B-00C04F79EFBC}") = "IssueTrackingSystem", "IssueTrackingSystem\IssueTrackingSystem.csproj", "{BA251909-BB07-42B0-9811-315A6C816F54}"
EndProject
Global
	GlobalSection(SolutionConfigurationPlatforms) = preSolution
		Debug|Any CPU = Debug|Any CPU
		Release|Any CPU = Release|Any CPU
	EndGlobalSection
	GlobalSection(ProjectConfigurationPlatforms) = postSolution
		{BA251909-BB07-42B0-9811-315A6C816F54}.Debug|Any CPU.ActiveCfg = Debug|Any CPU
		{BA251909-BB07-42B0-9811-315A6C816F54}.Debug|Any CPU.Build.0 = Debug|Any CPU
		{BA251909-BB07-42B0-9811-315A6C816F54}.Release|Any CPU.ActiveCfg = Release|Any CPU
		{BA251909-BB07-42B0-9811-315A6C816F54}.Release|Any CPU.Build.0 = Release|Any CPU
	EndGlobalSection
	GlobalSection(SolutionProperties) = preSolution
		HideSolutionNode = FALSE
	EndGlobalSection
	GlobalSection(ExtensibilityGlobals) = postSolution
		SolutionGuid = {0C0255C8-ED9F-4BE6-A377-7E49609706BB}
	EndGlobalSection
EndGlobal
